{
  "name": "@open-wallet-standard/core",
  "version": "1.2.0",
  "lockfileVersion": 3,
  "requires": true,
  "packages": {
    "": {
      "name": "@open-wallet-standard/core",
      "version": "1.2.0",
      "license": "MIT",
      "bin": {
        "ows": "bin/ows"
      },
      "devDependencies": {
        "@napi-rs/cli": "^2.18.0"
      },
      "optionalDependencies": {
        "@open-wallet-standard/core-darwin-arm64": "1.0.0",
        "@open-wallet-standard/core-darwin-x64": "1.0.0",
        "@open-wallet-standard/core-linux-arm64-gnu": "1.0.0",
        "@open-wallet-standard/core-linux-x64-gnu": "1.0.0"
      }
    },
    "node_modules/@napi-rs/cli": {
      "version": "2.18.4",
      "resolved": "https://registry.npmjs.org/@napi-rs/cli/-/cli-2.18.4.tgz",
      "integrity": "sha512-SgJeA4df9DE2iAEpr3M2H0OKl/yjtg1BnRI5/JyowS71tUWhrfSu2LT0V3vlHET+g1hBVlrO60PmEXwUEKp8Mg==",
      "dev": true,
      "license": "MIT",
      "bin": {
        "napi": "scripts/index.js"
      },
      "engines": {
        "node": ">= 10"
      },
      "funding": {
        "type": "github",
        "url": "https://github.com/sponsors/Brooooooklyn"
      }
    },
    "node_modules/@open-wallet-standard/core-darwin-arm64": {
      "version": "1.0.0",
      "resolved": "https://registry.npmjs.org/@open-wallet-standard/core-darwin-arm64/-/core-darwin-arm64-1.0.0.tgz",
      "integrity": "sha512-2mr22VTm+IQ0w1RKyMCY4BHX3+eb+kAOSYbIQrGm30n1ZLIYhcoAo1HiZfa2raSyPVlIpsEsnHs/w1VrA3Fuxw==",
      "cpu": [
        "arm64"
      ],
      "license": "MIT",
      "optional": true,
      "os": [
        "darwin"
      ]
    },
    "node_modules/@open-wallet-standard/core-darwin-x64": {
      "version": "1.0.0",
      "resolved": "https://registry.npmjs.org/@open-wallet-standard/core-darwin-x64/-/core-darwin-x64-1.0.0.tgz",
      "integrity": "sha512-s4Dvu3HxYSTEubUAYsYUNyP2WDzqbEE0C0v/NhP3c48wPq5UKe3JG83aQpZU7Hdxn1rcCNf0TPkuirik74xGtg==",
      "cpu": [
        "x64"
      ],
      "license": "MIT",
      "optional": true,
      "os": [
        "darwin"
      ]
    },
    "node_modules/@open-wallet-standard/core-linux-arm64-gnu": {
      "version": "1.0.0",
      "resolved": "https://registry.npmjs.org/@open-wallet-standard/core-linux-arm64-gnu/-/core-linux-arm64-gnu-1.0.0.tgz",
      "integrity": "sha512-cdFXgSigycW+lh0orfo12cXZIkiZZ3R2XUVaXrJOn8m6wgaa1bk7kyEIHVQCToRPHqFUm76XxX7CLLmji2kflA==",
      "cpu": [
        "arm64"
      ],
      "license": "MIT",
      "optional": true,
      "os": [
        "linux"
      ]
    },
    "node_modules/@open-wallet-standard/core-linux-x64-gnu": {
      "version": "1.0.0",
      "resolved": "https://registry.npmjs.org/@open-wallet-standard/core-linux-x64-gnu/-/core-linux-x64-gnu-1.0.0.tgz",
      "integrity": "sha512-8bSkyiIlFSm1SVcbEN1YiSQLvSQMGldJqbCxBlWrMW7esSwXksshIdZ6Jstd3lzrdSSwvU+qFqtzP3Cfa7PZ3g==",
      "cpu": [
        "x64"
      ],
      "license": "MIT",
      "optional": true,
      "os": [
        "linux"
      ]
    }
  }
}
