{
  "name": "@open-wallet-standard/core",
  "version": "1.2.1",
  "lockfileVersion": 3,
  "requires": true,
  "packages": {
    "": {
      "name": "@open-wallet-standard/core",
      "version": "1.2.1",
      "license": "MIT",
      "bin": {
        "ows": "bin/ows"
      },
      "devDependencies": {
        "@napi-rs/cli": "^2.18.0"
      },
      "optionalDependencies": {
        "@open-wallet-standard/core-darwin-arm64": "1.1.2",
        "@open-wallet-standard/core-darwin-x64": "1.1.2",
        "@open-wallet-standard/core-linux-arm64-gnu": "1.1.2",
        "@open-wallet-standard/core-linux-x64-gnu": "1.1.2"
      }
    },
    "node_modules/@napi-rs/cli": {
      "version": "2.18.4",
      "resolved": "https://registry.npmjs.org/@napi-rs/cli/-/cli-2.18.4.tgz",
      "integrity": "sha512-SgJeA4df9DE2iAEpr3M2H0OKl/yjtg1BnRI5/JyowS71tUWhrfSu2LT0V3vlHET+g1hBVlrO60PmEXwUEKp8Mg==",
      "dev": true,
      "license": "MIT",
      "bin": {
        "napi": "scripts/index.js"
      },
      "engines": {
        "node": ">= 10"
      },
      "funding": {
        "type": "github",
        "url": "https://github.com/sponsors/Brooooooklyn"
      }
    },
    "node_modules/@open-wallet-standard/core-darwin-arm64": {
      "version": "1.1.2",
      "resolved": "https://registry.npmjs.org/@open-wallet-standard/core-darwin-arm64/-/core-darwin-arm64-1.1.2.tgz",
      "integrity": "sha512-fOxIHTMruUEi6W43Op5QuvrXdKsfY/dDkYg/+Zc2Yyldc/a2olt7cO543FTk/jNuSV+dTgVMjk5W23uoA4qCpQ==",
      "cpu": [
        "arm64"
      ],
      "license": "MIT",
      "optional": true,
      "os": [
        "darwin"
      ]
    },
    "node_modules/@open-wallet-standard/core-darwin-x64": {
      "version": "1.1.2",
      "resolved": "https://registry.npmjs.org/@open-wallet-standard/core-darwin-x64/-/core-darwin-x64-1.1.2.tgz",
      "integrity": "sha512-z+CNsLUkIcOQ6DvHk3xhFQqPsq7Mechvi9S6+qg56Qwgz5GU045V1AP875x7MK5FDyXxQWolQ+vvl54cwxoMTA==",
      "cpu": [
        "x64"
      ],
      "license": "MIT",
      "optional": true,
      "os": [
        "darwin"
      ]
    },
    "node_modules/@open-wallet-standard/core-linux-arm64-gnu": {
      "version": "1.1.2",
      "resolved": "https://registry.npmjs.org/@open-wallet-standard/core-linux-arm64-gnu/-/core-linux-arm64-gnu-1.1.2.tgz",
      "integrity": "sha512-ZfnIVyav90XOv9AplfmsjZ4mjm+RJYmjDl1wxyTk4CnwpPYwmEDWBjhQRkTr3dC93qYZTPwn4zCjM3DldnhLIA==",
      "cpu": [
        "arm64"
      ],
      "license": "MIT",
      "optional": true,
      "os": [
        "linux"
      ]
    },
    "node_modules/@open-wallet-standard/core-linux-x64-gnu": {
      "version": "1.1.2",
      "resolved": "https://registry.npmjs.org/@open-wallet-standard/core-linux-x64-gnu/-/core-linux-x64-gnu-1.1.2.tgz",
      "integrity": "sha512-OSpV/j1JUu0Gf44oTou818pACLiG2Dk7C0AljUwGaFnGHzDRgY3kxp2c5J5Jldi5ge1QNDuy3+ttC7TVgIEoGg==",
      "cpu": [
        "x64"
      ],
      "license": "MIT",
      "optional": true,
      "os": [
        "linux"
      ]
    }
  }
}
