{
  "name": "@open-wallet-standard/core",
  "version": "0.5.7",
  "lockfileVersion": 3,
  "requires": true,
  "packages": {
    "": {
      "name": "@open-wallet-standard/core",
      "version": "0.5.7",
      "license": "MIT",
      "bin": {
        "ows": "bin/ows"
      },
      "devDependencies": {
        "@napi-rs/cli": "^2.18.0"
      },
      "optionalDependencies": {
        "@open-wallet-standard/core-darwin-arm64": "0.4.2",
        "@open-wallet-standard/core-darwin-x64": "0.4.2",
        "@open-wallet-standard/core-linux-arm64-gnu": "0.4.2",
        "@open-wallet-standard/core-linux-x64-gnu": "0.4.2"
      }
    },
    "node_modules/@napi-rs/cli": {
      "version": "2.18.4",
      "resolved": "https://registry.npmjs.org/@napi-rs/cli/-/cli-2.18.4.tgz",
      "integrity": "sha512-SgJeA4df9DE2iAEpr3M2H0OKl/yjtg1BnRI5/JyowS71tUWhrfSu2LT0V3vlHET+g1hBVlrO60PmEXwUEKp8Mg==",
      "dev": true,
      "license": "MIT",
      "bin": {
        "napi": "scripts/index.js"
      },
      "engines": {
        "node": ">= 10"
      },
      "funding": {
        "type": "github",
        "url": "https://github.com/sponsors/Brooooooklyn"
      }
    },
    "node_modules/@open-wallet-standard/core-darwin-arm64": {
      "version": "0.4.2",
      "resolved": "https://registry.npmjs.org/@open-wallet-standard/core-darwin-arm64/-/core-darwin-arm64-0.4.2.tgz",
      "integrity": "sha512-mRwrTEtxjSQxKIHh/imwpOFI/5K1HUYBwcvdQBGOaq+GwFEdl+iFfeVXnvgbbph98eE74qivPZ1F0GKSD0f0ew==",
      "cpu": [
        "arm64"
      ],
      "license": "MIT",
      "optional": true,
      "os": [
        "darwin"
      ]
    },
    "node_modules/@open-wallet-standard/core-darwin-x64": {
      "version": "0.4.2",
      "resolved": "https://registry.npmjs.org/@open-wallet-standard/core-darwin-x64/-/core-darwin-x64-0.4.2.tgz",
      "integrity": "sha512-P7/iJY1w02a5XU9KfUx8/mw7ByGgrOyT1ITysfDK4aoR1Vsg+YAA5nJmFsi3eQzpx9uf2lV5Dl4iWjA06W5i/Q==",
      "cpu": [
        "x64"
      ],
      "license": "MIT",
      "optional": true,
      "os": [
        "darwin"
      ]
    },
    "node_modules/@open-wallet-standard/core-linux-arm64-gnu": {
      "version": "0.4.2",
      "resolved": "https://registry.npmjs.org/@open-wallet-standard/core-linux-arm64-gnu/-/core-linux-arm64-gnu-0.4.2.tgz",
      "integrity": "sha512-nmgLakHPoikyaQCjm4//URm3jyJPLLiPlru9yHKK7ZeYabg5s3UphZMuIF4zJb+KgEvb7QSVdol/EVLh/ADS/g==",
      "cpu": [
        "arm64"
      ],
      "license": "MIT",
      "optional": true,
      "os": [
        "linux"
      ]
    },
    "node_modules/@open-wallet-standard/core-linux-x64-gnu": {
      "version": "0.4.2",
      "resolved": "https://registry.npmjs.org/@open-wallet-standard/core-linux-x64-gnu/-/core-linux-x64-gnu-0.4.2.tgz",
      "integrity": "sha512-1zsn+b7MCaieubdTbbSzNV1ayT1+vfGc1y1xPvkZD3LfJJdBUTSIOAPmie/rfznZYvrq+7pqrLW47wlMbr7O4A==",
      "cpu": [
        "x64"
      ],
      "license": "MIT",
      "optional": true,
      "os": [
        "linux"
      ]
    }
  }
}
